
Microsoft Visual Studio Solution File, Format Version 12.00
# Visual Studio 15
VisualStudioVersion = 15.0.27130.2027
MinimumVisualStudioVersion = 10.0.40219.1
Project("{FAE04EC0-301F-11D3-BF4B-00C04F79EFBC}") = "AbstractSyntaxTree", "AbstractSyntaxTree\AbstractSyntaxTree.csproj", "{4644AEC5-A700-46E9-AD16-97DCE28D6279}"
EndProject
Project("{FAE04EC0-301F-11D3-BF4B-00C04F79EFBC}") = "test", "test\test.csproj", "{C6FA5165-44C6-451E-832B-E9BBC251A194}"
EndProject
Project("{FAE04EC0-301F-11D3-BF4B-00C04F79EFBC}") = "17.1", "17.1\17.1.csproj", "{9CAEE267-C207-4EAB-9D0D-5B06BA0572B2}"
EndProject
Project("{FAE04EC0-301F-11D3-BF4B-00C04F79EFBC}") = "MyTree", "MyTree\MyTree.csproj", "{5484CCDA-E60F-4AC9-8ABB-AAF91A0ED30B}"
EndProject
Project("{FAE04EC0-301F-11D3-BF4B-00C04F79EFBC}") = "18.1", "18.1\18.1.csproj", "{BC835E2C-2CE6-4739-B4E3-88671ECF1D9D}"
EndProject
Project("{FAE04EC0-301F-11D3-BF4B-00C04F79EFBC}") = "Drawing", "Drawing\Drawing.csproj", "{B1DBEF2B-72D2-4420-9179-3237DD5CFFA0}"
EndProject
Global
	GlobalSection(SolutionConfigurationPlatforms) = preSolution
		Debug|Any CPU = Debug|Any CPU
		Release|Any CPU = Release|Any CPU
	EndGlobalSection
	GlobalSection(ProjectConfigurationPlatforms) = postSolution
		{4644AEC5-A700-46E9-AD16-97DCE28D6279}.Debug|Any CPU.ActiveCfg = Debug|Any CPU
		{4644AEC5-A700-46E9-AD16-97DCE28D6279}.Debug|Any CPU.Build.0 = Debug|Any CPU
		{4644AEC5-A700-46E9-AD16-97DCE28D6279}.Release|Any CPU.ActiveCfg = Release|Any CPU
		{4644AEC5-A700-46E9-AD16-97DCE28D6279}.Release|Any CPU.Build.0 = Release|Any CPU
		{C6FA5165-44C6-451E-832B-E9BBC251A194}.Debug|Any CPU.ActiveCfg = Debug|Any CPU
		{C6FA5165-44C6-451E-832B-E9BBC251A194}.Debug|Any CPU.Build.0 = Debug|Any CPU
		{C6FA5165-44C6-451E-832B-E9BBC251A194}.Release|Any CPU.ActiveCfg = Release|Any CPU
		{C6FA5165-44C6-451E-832B-E9BBC251A194}.Release|Any CPU.Build.0 = Release|Any CPU
		{9CAEE267-C207-4EAB-9D0D-5B06BA0572B2}.Debug|Any CPU.ActiveCfg = Debug|Any CPU
		{9CAEE267-C207-4EAB-9D0D-5B06BA0572B2}.Debug|Any CPU.Build.0 = Debug|Any CPU
		{9CAEE267-C207-4EAB-9D0D-5B06BA0572B2}.Release|Any CPU.ActiveCfg = Release|Any CPU
		{9CAEE267-C207-4EAB-9D0D-5B06BA0572B2}.Release|Any CPU.Build.0 = Release|Any CPU
		{5484CCDA-E60F-4AC9-8ABB-AAF91A0ED30B}.Debug|Any CPU.ActiveCfg = Debug|Any CPU
		{5484CCDA-E60F-4AC9-8ABB-AAF91A0ED30B}.Debug|Any CPU.Build.0 = Debug|Any CPU
		{5484CCDA-E60F-4AC9-8ABB-AAF91A0ED30B}.Release|Any CPU.ActiveCfg = Release|Any CPU
		{5484CCDA-E60F-4AC9-8ABB-AAF91A0ED30B}.Release|Any CPU.Build.0 = Release|Any CPU
		{BC835E2C-2CE6-4739-B4E3-88671ECF1D9D}.Debug|Any CPU.ActiveCfg = Debug|Any CPU
		{BC835E2C-2CE6-4739-B4E3-88671ECF1D9D}.Debug|Any CPU.Build.0 = Debug|Any CPU
		{BC835E2C-2CE6-4739-B4E3-88671ECF1D9D}.Release|Any CPU.ActiveCfg = Release|Any CPU
		{BC835E2C-2CE6-4739-B4E3-88671ECF1D9D}.Release|Any CPU.Build.0 = Release|Any CPU
		{B1DBEF2B-72D2-4420-9179-3237DD5CFFA0}.Debug|Any CPU.ActiveCfg = Debug|Any CPU
		{B1DBEF2B-72D2-4420-9179-3237DD5CFFA0}.Debug|Any CPU.Build.0 = Debug|Any CPU
		{B1DBEF2B-72D2-4420-9179-3237DD5CFFA0}.Release|Any CPU.ActiveCfg = Release|Any CPU
		{B1DBEF2B-72D2-4420-9179-3237DD5CFFA0}.Release|Any CPU.Build.0 = Release|Any CPU
	EndGlobalSection
	GlobalSection(SolutionProperties) = preSolution
		HideSolutionNode = FALSE
	EndGlobalSection
	GlobalSection(ExtensibilityGlobals) = postSolution
		SolutionGuid = {4F6A8619-1E1B-4212-8EDE-77F48A7864AC}
	EndGlobalSection
EndGlobal
